{
  "nodes": {
    "nixpkgs": {
      "locked": {
        "lastModified": 1705356990,
        "narHash": "sha256-6nCacKjx/ggLfYyHO0T4OtiRMKnyiDxfEoQ/fQvVvX8=",
        "owner": "nixos",
        "repo": "nixpkgs",
        "rev": "8d9eb920d364b1810955b5beb977718d18f790bd",
        "type": "github"
      },
      "original": {
        "owner": "nixos",
        "repo": "nixpkgs",
        "type": "github"
      }
    },
    "root": {
      "inputs": {
        "nixpkgs": "nixpkgs"
      }
    }
  },
  "root": "root",
  "version": 7
}
